
Microsoft Visual Studio Solution File, Format Version 12.00
# Visual Studio 15
VisualStudioVersion = 15.0.28307.489
MinimumVisualStudioVersion = 10.0.40219.1
Project("{FAE04EC0-301F-11D3-BF4B-00C04F79EFBC}") = "tajinder_dog_race", "tajinder_dog_race\tajinder_dog_race.csproj", "{1DC96AAC-9687-4468-AAAB-68C65A0264BB}"
EndProject
Project("{FAE04EC0-301F-11D3-BF4B-00C04F79EFBC}") = "tajinder_dog_raceTests", "tajinder_dog_raceTests\tajinder_dog_raceTests.csproj", "{EBBF83C6-6B14-4055-A855-C1CFF1BFF861}"
EndProject
Global
	GlobalSection(SolutionConfigurationPlatforms) = preSolution
		Debug|Any CPU = Debug|Any CPU
		Release|Any CPU = Release|Any CPU
	EndGlobalSection
	GlobalSection(ProjectConfigurationPlatforms) = postSolution
		{1DC96AAC-9687-4468-AAAB-68C65A0264BB}.Debug|Any CPU.ActiveCfg = Debug|Any CPU
		{1DC96AAC-9687-4468-AAAB-68C65A0264BB}.Debug|Any CPU.Build.0 = Debug|Any CPU
		{1DC96AAC-9687-4468-AAAB-68C65A0264BB}.Release|Any CPU.ActiveCfg = Release|Any CPU
		{1DC96AAC-9687-4468-AAAB-68C65A0264BB}.Release|Any CPU.Build.0 = Release|Any CPU
		{EBBF83C6-6B14-4055-A855-C1CFF1BFF861}.Debug|Any CPU.ActiveCfg = Debug|Any CPU
		{EBBF83C6-6B14-4055-A855-C1CFF1BFF861}.Debug|Any CPU.Build.0 = Debug|Any CPU
		{EBBF83C6-6B14-4055-A855-C1CFF1BFF861}.Release|Any CPU.ActiveCfg = Release|Any CPU
		{EBBF83C6-6B14-4055-A855-C1CFF1BFF861}.Release|Any CPU.Build.0 = Release|Any CPU
	EndGlobalSection
	GlobalSection(SolutionProperties) = preSolution
		HideSolutionNode = FALSE
	EndGlobalSection
	GlobalSection(ExtensibilityGlobals) = postSolution
		SolutionGuid = {6B3E7DAC-FE3C-4BF1-91A8-F8740565831F}
	EndGlobalSection
EndGlobal
